// !$*UTF8*$!
{
	archiveVersion = 1;
	classes = {
	};
	objectVersion = 55;
	objects = {

/* Begin PBXBuildFile section */
		5030CC9E27BD556700F6DAC9 /* AppDelegate.swift in Sources */ = {isa = PBXBuildFile; fileRef = 5030CC9D27BD556700F6DAC9 /* AppDelegate.swift */; };
		5030CCA027BD556700F6DAC9 /* SceneDelegate.swift in Sources */ = {isa = PBXBuildFile; fileRef = 5030CC9F27BD556700F6DAC9 /* SceneDelegate.swift */; };
		5030CCA227BD556700F6DAC9 /* MainViewController.swift in Sources */ = {isa = PBXBuildFile; fileRef = 5030CCA127BD556700F6DAC9 /* MainViewController.swift */; };
		5030CCA527BD556700F6DAC9 /* Main.storyboard in Resources */ = {isa = PBXBuildFile; fileRef = 5030CCA327BD556700F6DAC9 /* Main.storyboard */; };
		5030CCA727BD556900F6DAC9 /* Assets.xcassets in Resources */ = {isa = PBXBuildFile; fileRef = 5030CCA627BD556900F6DAC9 /* Assets.xcassets */; };
		5030CCAA27BD556900F6DAC9 /* LaunchScreen.storyboard in Resources */ = {isa = PBXBuildFile; fileRef = 5030CCA827BD556900F6DAC9 /* LaunchScreen.storyboard */; };
		5030CCB927BD78FE00F6DAC9 /* A.wav in Resources */ = {isa = PBXBuildFile; fileRef = 5030CCB227BD78FE00F6DAC9 /* A.wav */; };
		5030CCBA27BD78FE00F6DAC9 /* C.wav in Resources */ = {isa = PBXBuildFile; fileRef = 5030CCB327BD78FE00F6DAC9 /* C.wav */; };
		5030CCBB27BD78FE00F6DAC9 /* B.wav in Resources */ = {isa = PBXBuildFile; fileRef = 5030CCB427BD78FE00F6DAC9 /* B.wav */; };
		5030CCBC27BD78FE00F6DAC9 /* F.wav in Resources */ = {isa = PBXBuildFile; fileRef = 5030CCB527BD78FE00F6DAC9 /* F.wav */; };
		5030CCBD27BD78FE00F6DAC9 /* G.wav in Resources */ = {isa = PBXBuildFile; fileRef = 5030CCB627BD78FE00F6DAC9 /* G.wav */; };
		5030CCBE27BD78FE00F6DAC9 /* E.wav in Resources */ = {isa = PBXBuildFile; fileRef = 5030CCB727BD78FE00F6DAC9 /* E.wav */; };
		5030CCBF27BD78FE00F6DAC9 /* D.wav in Resources */ = {isa = PBXBuildFile; fileRef = 5030CCB827BD78FE00F6DAC9 /* D.wav */; };
/* End PBXBuildFile section */

/* Begin PBXFileReference section */
		5030CC9A27BD556700F6DAC9 /* Xylophone.app */ = {isa = PBXFileReference; explicitFileType = wrapper.application; includeInIndex = 0; path = Xylophone.app; sourceTree = BUILT_PRODUCTS_DIR; };
		5030CC9D27BD556700F6DAC9 /* AppDelegate.swift */ = {isa = PBXFileReference; lastKnownFileType = sourcecode.swift; path = AppDelegate.swift; sourceTree = "<group>"; };
		5030CC9F27BD556700F6DAC9 /* SceneDelegate.swift */ = {isa = PBXFileReference; lastKnownFileType = sourcecode.swift; path = SceneDelegate.swift; sourceTree = "<group>"; };
		5030CCA127BD556700F6DAC9 /* MainViewController.swift */ = {isa = PBXFileReference; lastKnownFileType = sourcecode.swift; path = MainViewController.swift; sourceTree = "<group>"; };
		5030CCA427BD556700F6DAC9 /* Base */ = {isa = PBXFileReference; lastKnownFileType = file.storyboard; name = Base; path = Base.lproj/Main.storyboard; sourceTree = "<group>"; };
		5030CCA627BD556900F6DAC9 /* Assets.xcassets */ = {isa = PBXFileReference; lastKnownFileType = folder.assetcatalog; path = Assets.xcassets; sourceTree = "<group>"; };
		5030CCA927BD556900F6DAC9 /* Base */ = {isa = PBXFileReference; lastKnownFileType = file.storyboard; name = Base; path = Base.lproj/LaunchScreen.storyboard; sourceTree = "<group>"; };
		5030CCAB27BD556900F6DAC9 /* Info.plist */ = {isa = PBXFileReference; lastKnownFileType = text.plist.xml; path = Info.plist; sourceTree = "<group>"; };
		5030CCB227BD78FE00F6DAC9 /* A.wav */ = {isa = PBXFileReference; lastKnownFileType = audio.wav; path = A.wav; sourceTree = "<group>"; };
		5030CCB327BD78FE00F6DAC9 /* C.wav */ = {isa = PBXFileReference; lastKnownFileType = audio.wav; path = C.wav; sourceTree = "<group>"; };
		5030CCB427BD78FE00F6DAC9 /* B.wav */ = {isa = PBXFileReference; lastKnownFileType = audio.wav; path = B.wav; sourceTree = "<group>"; };
		5030CCB527BD78FE00F6DAC9 /* F.wav */ = {isa = PBXFileReference; lastKnownFileType = audio.wav; path = F.wav; sourceTree = "<group>"; };
		5030CCB627BD78FE00F6DAC9 /* G.wav */ = {isa = PBXFileReference; lastKnownFileType = audio.wav; path = G.wav; sourceTree = "<group>"; };
		5030CCB727BD78FE00F6DAC9 /* E.wav */ = {isa = PBXFileReference; lastKnownFileType = audio.wav; path = E.wav; sourceTree = "<group>"; };
		5030CCB827BD78FE00F6DAC9 /* D.wav */ = {isa = PBXFileReference; lastKnownFileType = audio.wav; path = D.wav; sourceTree = "<group>"; };
/* End PBXFileReference section */

/* Begin PBXFrameworksBuildPhase section */
		5030CC9727BD556700F6DAC9 /* Frameworks */ = {
			isa = PBXFrameworksBuildPhase;
			buildActionMask = 2147483647;
			files = (
			);
			runOnlyForDeploymentPostprocessing = 0;
		};
/* End PBXFrameworksBuildPhase section */

/* Begin PBXGroup section */
		5030CC9127BD556700F6DAC9 = {
			isa = PBXGroup;
			children = (
				5030CC9C27BD556700F6DAC9 /* Xylophone */,
				5030CC9B27BD556700F6DAC9 /* Products */,
			);
			sourceTree = "<group>";
		};
		5030CC9B27BD556700F6DAC9 /* Products */ = {
			isa = PBXGroup;
			children = (
				5030CC9A27BD556700F6DAC9 /* Xylophone.app */,
			);
			name = Products;
			sourceTree = "<group>";
		};
		5030CC9C27BD556700F6DAC9 /* Xylophone */ = {
			isa = PBXGroup;
			children = (
				5030CC9D27BD556700F6DAC9 /* AppDelegate.swift */,
				5030CC9F27BD556700F6DAC9 /* SceneDelegate.swift */,
				5030CCA127BD556700F6DAC9 /* MainViewController.swift */,
				5030CCA327BD556700F6DAC9 /* Main.storyboard */,
				5030CCA627BD556900F6DAC9 /* Assets.xcassets */,
				5030CCA827BD556900F6DAC9 /* LaunchScreen.storyboard */,
				5030CCAB27BD556900F6DAC9 /* Info.plist */,
				5030CCB127BD78FE00F6DAC9 /* Sounds */,
			);
			path = Xylophone;
			sourceTree = "<group>";
		};
		5030CCB127BD78FE00F6DAC9 /* Sounds */ = {
			isa = PBXGroup;
			children = (
				5030CCB227BD78FE00F6DAC9 /* A.wav */,
				5030CCB427BD78FE00F6DAC9 /* B.wav */,
				5030CCB327BD78FE00F6DAC9 /* C.wav */,
				5030CCB827BD78FE00F6DAC9 /* D.wav */,
				5030CCB727BD78FE00F6DAC9 /* E.wav */,
				5030CCB527BD78FE00F6DAC9 /* F.wav */,
				5030CCB627BD78FE00F6DAC9 /* G.wav */,
			);
			path = Sounds;
			sourceTree = "<group>";
		};
/* End PBXGroup section */

/* Begin PBXNativeTarget section */
		5030CC9927BD556700F6DAC9 /* Xylophone */ = {
			isa = PBXNativeTarget;
			buildConfigurationList = 5030CCAE27BD556900F6DAC9 /* Build configuration list for PBXNativeTarget "Xylophone" */;
			buildPhases = (
				5030CC9627BD556700F6DAC9 /* Sources */,
				5030CC9727BD556700F6DAC9 /* Frameworks */,
				5030CC9827BD556700F6DAC9 /* Resources */,
			);
			buildRules = (
			);
			dependencies = (
			);
			name = Xylophone;
			productName = Xylophone;
			productReference = 5030CC9A27BD556700F6DAC9 /* Xylophone.app */;
			productType = "com.apple.product-type.application";
		};
/* End PBXNativeTarget section */

/* Begin PBXProject section */
		5030CC9227BD556700F6DAC9 /* Project object */ = {
			isa = PBXProject;
			attributes = {
				BuildIndependentTargetsInParallel = 1;
				LastSwiftUpdateCheck = 1310;
				LastUpgradeCheck = 1310;
				TargetAttributes = {
					5030CC9927BD556700F6DAC9 = {
						CreatedOnToolsVersion = 13.1;
					};
				};
			};
			buildConfigurationList = 5030CC9527BD556700F6DAC9 /* Build configuration list for PBXProject "Xylophone" */;
			compatibilityVersion = "Xcode 13.0";
			developmentRegion = en;
			hasScannedForEncodings = 0;
			knownRegions = (
				en,
				Base,
			);
			mainGroup = 5030CC9127BD556700F6DAC9;
			productRefGroup = 5030CC9B27BD556700F6DAC9 /* Products */;
			projectDirPath = "";
			projectRoot = "";
			targets = (
				5030CC9927BD556700F6DAC9 /* Xylophone */,
			);
		};
/* End PBXProject section */

/* Begin PBXResourcesBuildPhase section */
		5030CC9827BD556700F6DAC9 /* Resources */ = {
			isa = PBXResourcesBuildPhase;
			buildActionMask = 2147483647;
			files = (
				5030CCBD27BD78FE00F6DAC9 /* G.wav in Resources */,
				5030CCAA27BD556900F6DAC9 /* LaunchScreen.storyboard in Resources */,
				5030CCBC27BD78FE00F6DAC9 /* F.wav in Resources */,
				5030CCA727BD556900F6DAC9 /* Assets.xcassets in Resources */,
				5030CCB927BD78FE00F6DAC9 /* A.wav in Resources */,
				5030CCBB27BD78FE00F6DAC9 /* B.wav in Resources */,
				5030CCBE27BD78FE00F6DAC9 /* E.wav in Resources */,
				5030CCBF27BD78FE00F6DAC9 /* D.wav in Resources */,
				5030CCA527BD556700F6DAC9 /* Main.storyboard in Resources */,
				5030CCBA27BD78FE00F6DAC9 /* C.wav in Resources */,
			);
			runOnlyForDeploymentPostprocessing = 0;
		};
/* End PBXResourcesBuildPhase section */

/* Begin PBXSourcesBuildPhase section */
		5030CC9627BD556700F6DAC9 /* Sources */ = {
			isa = PBXSourcesBuildPhase;
			buildActionMask = 2147483647;
			files = (
				5030CCA227BD556700F6DAC9 /* MainViewController.swift in Sources */,
				5030CC9E27BD556700F6DAC9 /* AppDelegate.swift in Sources */,
				5030CCA027BD556700F6DAC9 /* SceneDelegate.swift in Sources */,
			);
			runOnlyForDeploymentPostprocessing = 0;
		};
/* End PBXSourcesBuildPhase section */

/* Begin PBXVariantGroup section */
		5030CCA327BD556700F6DAC9 /* Main.storyboard */ = {
			isa = PBXVariantGroup;
			children = (
				5030CCA427BD556700F6DAC9 /* Base */,
			);
			name = Main.storyboard;
			sourceTree = "<group>";
		};
		5030CCA827BD556900F6DAC9 /* LaunchScreen.storyboard */ = {
			isa = PBXVariantGroup;
			children = (
				5030CCA927BD556900F6DAC9 /* Base */,
			);
			name = LaunchScreen.storyboard;
			sourceTree = "<group>";
		};
/* End PBXVariantGroup section */

/* Begin XCBuildConfiguration section */
		5030CCAC27BD556900F6DAC9 /* Debug */ = {
			isa = XCBuildConfiguration;
			buildSettings = {
				ALWAYS_SEARCH_USER_PATHS = NO;
				CLANG_ANALYZER_NONNULL = YES;
				CLANG_ANALYZER_NUMBER_OBJECT_CONVERSION = YES_AGGRESSIVE;
				CLANG_CXX_LANGUAGE_STANDARD = "gnu++17";
				CLANG_CXX_LIBRARY = "libc++";
				CLANG_ENABLE_MODULES = YES;
				CLANG_ENABLE_OBJC_ARC = YES;
				CLANG_ENABLE_OBJC_WEAK = YES;
				CLANG_WARN_BLOCK_CAPTURE_AUTORELEASING = YES;
				CLANG_WARN_BOOL_CONVERSION = YES;
				CLANG_WARN_COMMA = YES;
				CLANG_WARN_CONSTANT_CONVERSION = YES;
				CLANG_WARN_DEPRECATED_OBJC_IMPLEMENTATIONS = YES;
				CLANG_WARN_DIRECT_OBJC_ISA_USAGE = YES_ERROR;
				CLANG_WARN_DOCUMENTATION_COMMENTS = YES;
				CLANG_WARN_EMPTY_BODY = YES;
				CLANG_WARN_ENUM_CONVERSION = YES;
				CLANG_WARN_INFINITE_RECURSION = YES;
				CLANG_WARN_INT_CONVERSION = YES;
				CLANG_WARN_NON_LITERAL_NULL_CONVERSION = YES;
				CLANG_WARN_OBJC_IMPLICIT_RETAIN_SELF = YES;
				CLANG_WARN_OBJC_LITERAL_CONVERSION = YES;
				CLANG_WARN_OBJC_ROOT_CLASS = YES_ERROR;
				CLANG_WARN_QUOTED_INCLUDE_IN_FRAMEWORK_HEADER = YES;
				CLANG_WARN_RANGE_LOOP_ANALYSIS = YES;
				CLANG_WARN_STRICT_PROTOTYPES = YES;
				CLANG_WARN_SUSPICIOUS_MOVE = YES;
				CLANG_WARN_UNGUARDED_AVAILABILITY = YES_AGGRESSIVE;
				CLANG_WARN_UNREACHABLE_CODE = YES;
				CLANG_WARN__DUPLICATE_METHOD_MATCH = YES;
				COPY_PHASE_STRIP = NO;
				DEBUG_INFORMATION_FORMAT = dwarf;
				ENABLE_STRICT_OBJC_MSGSEND = YES;
				ENABLE_TESTABILITY = YES;
				GCC_C_LANGUAGE_STANDARD = gnu11;
				GCC_DYNAMIC_NO_PIC = NO;
				GCC_NO_COMMON_BLOCKS = YES;
				GCC_OPTIMIZATION_LEVEL = 0;
				GCC_PREPROCESSOR_DEFINITIONS = (
					"DEBUG=1",
					"$(inherited)",
				);
				GCC_WARN_64_TO_32_BIT_CONVERSION = YES;
				GCC_WARN_ABOUT_RETURN_TYPE = YES_ERROR;
				GCC_WARN_UNDECLARED_SELECTOR = YES;
				GCC_WARN_UNINITIALIZED_AUTOS = YES_AGGRESSIVE;
				GCC_WARN_UNUSED_FUNCTION = YES;
				GCC_WARN_UNUSED_VARIABLE = YES;
				IPHONEOS_DEPLOYMENT_TARGET = 15.0;
				MTL_ENABLE_DEBUG_INFO = INCLUDE_SOURCE;
				MTL_FAST_MATH = YES;
				ONLY_ACTIVE_ARCH = YES;
				SDKROOT = iphoneos;
				SWIFT_ACTIVE_COMPILATION_CONDITIONS = DEBUG;
				SWIFT_OPTIMIZATION_LEVEL = "-Onone";
			};
			name = Debug;
		};
		5030CCAD27BD556900F6DAC9 /* Release */ = {
			isa = XCBuildConfiguration;
			buildSettings = {
				ALWAYS_SEARCH_USER_PATHS = NO;
				CLANG_ANALYZER_NONNULL = YES;
				CLANG_ANALYZER_NUMBER_OBJECT_CONVERSION = YES_AGGRESSIVE;
				CLANG_CXX_LANGUAGE_STANDARD = "gnu++17";
				CLANG_CXX_LIBRARY = "libc++";
				CLANG_ENABLE_MODULES = YES;
				CLANG_ENABLE_OBJC_ARC = YES;
				CLANG_ENABLE_OBJC_WEAK = YES;
				CLANG_WARN_BLOCK_CAPTURE_AUTORELEASING = YES;
				CLANG_WARN_BOOL_CONVERSION = YES;
				CLANG_WARN_COMMA = YES;
				CLANG_WARN_CONSTANT_CONVERSION = YES;
				CLANG_WARN_DEPRECATED_OBJC_IMPLEMENTATIONS = YES;
				CLANG_WARN_DIRECT_OBJC_ISA_USAGE = YES_ERROR;
				CLANG_WARN_DOCUMENTATION_COMMENTS = YES;
				CLANG_WARN_EMPTY_BODY = YES;
				CLANG_WARN_ENUM_CONVERSION = YES;
				CLANG_WARN_INFINITE_RECURSION = YES;
				CLANG_WARN_INT_CONVERSION = YES;
				CLANG_WARN_NON_LITERAL_NULL_CONVERSION = YES;
				CLANG_WARN_OBJC_IMPLICIT_RETAIN_SELF = YES;
				CLANG_WARN_OBJC_LITERAL_CONVERSION = YES;
				CLANG_WARN_OBJC_ROOT_CLASS = YES_ERROR;
				CLANG_WARN_QUOTED_INCLUDE_IN_FRAMEWORK_HEADER = YES;
				CLANG_WARN_RANGE_LOOP_ANALYSIS = YES;
				CLANG_WARN_STRICT_PROTOTYPES = YES;
				CLANG_WARN_SUSPICIOUS_MOVE = YES;
				CLANG_WARN_UNGUARDED_AVAILABILITY = YES_AGGRESSIVE;
				CLANG_WARN_UNREACHABLE_CODE = YES;
				CLANG_WARN__DUPLICATE_METHOD_MATCH = YES;
				COPY_PHASE_STRIP = NO;
				DEBUG_INFORMATION_FORMAT = "dwarf-with-dsym";
				ENABLE_NS_ASSERTIONS = NO;
				ENABLE_STRICT_OBJC_MSGSEND = YES;
				GCC_C_LANGUAGE_STANDARD = gnu11;
				GCC_NO_COMMON_BLOCKS = YES;
				GCC_WARN_64_TO_32_BIT_CONVERSION = YES;
				GCC_WARN_ABOUT_RETURN_TYPE = YES_ERROR;
				GCC_WARN_UNDECLARED_SELECTOR = YES;
				GCC_WARN_UNINITIALIZED_AUTOS = YES_AGGRESSIVE;
				GCC_WARN_UNUSED_FUNCTION = YES;
				GCC_WARN_UNUSED_VARIABLE = YES;
				IPHONEOS_DEPLOYMENT_TARGET = 15.0;
				MTL_ENABLE_DEBUG_INFO = NO;
				MTL_FAST_MATH = YES;
				SDKROOT = iphoneos;
				SWIFT_COMPILATION_MODE = wholemodule;
				SWIFT_OPTIMIZATION_LEVEL = "-O";
				VALIDATE_PRODUCT = YES;
			};
			name = Release;
		};
		5030CCAF27BD556900F6DAC9 /* Debug */ = {
			isa = XCBuildConfiguration;
			buildSettings = {
				ASSETCATALOG_COMPILER_APPICON_NAME = AppIcon;
				ASSETCATALOG_COMPILER_GLOBAL_ACCENT_COLOR_NAME = AccentColor;
				CODE_SIGN_STYLE = Automatic;
				CURRENT_PROJECT_VERSION = 1;
				DEVELOPMENT_TEAM = 87S747W3ZP;
				GENERATE_INFOPLIST_FILE = YES;
				INFOPLIST_FILE = Xylophone/Info.plist;
				INFOPLIST_KEY_UIApplicationSupportsIndirectInputEvents = YES;
				INFOPLIST_KEY_UILaunchStoryboardName = LaunchScreen;
				INFOPLIST_KEY_UIMainStoryboardFile = Main;
				INFOPLIST_KEY_UISupportedInterfaceOrientations = UIInterfaceOrientationPortrait;
				INFOPLIST_KEY_UISupportedInterfaceOrientations_iPad = "UIInterfaceOrientationPortrait UIInterfaceOrientationPortraitUpsideDown UIInterfaceOrientationLandscapeLeft UIInterfaceOrientationLandscapeRight";
				INFOPLIST_KEY_UISupportedInterfaceOrientations_iPhone = "UIInterfaceOrientationPortrait UIInterfaceOrientationLandscapeLeft UIInterfaceOrientationLandscapeRight";
				IPHONEOS_DEPLOYMENT_TARGET = 13.0;
				LD_RUNPATH_SEARCH_PATHS = (
					"$(inherited)",
					"@executable_path/Frameworks",
				);
				MARKETING_VERSION = 1.0;
				PRODUCT_BUNDLE_IDENTIFIER = com.alpaca.Xylophone;
				PRODUCT_NAME = "$(TARGET_NAME)";
				SWIFT_EMIT_LOC_STRINGS = YES;
				SWIFT_VERSION = 5.0;
				TARGETED_DEVICE_FAMILY = 1;
			};
			name = Debug;
		};
		5030CCB027BD556900F6DAC9 /* Release */ = {
			isa = XCBuildConfiguration;
			buildSettings = {
				ASSETCATALOG_COMPILER_APPICON_NAME = AppIcon;
				ASSETCATALOG_COMPILER_GLOBAL_ACCENT_COLOR_NAME = AccentColor;
				CODE_SIGN_STYLE = Automatic;
				CURRENT_PROJECT_VERSION = 1;
				DEVELOPMENT_TEAM = 87S747W3ZP;
				GENERATE_INFOPLIST_FILE = YES;
				INFOPLIST_FILE = Xylophone/Info.plist;
				INFOPLIST_KEY_UIApplicationSupportsIndirectInputEvents = YES;
				INFOPLIST_KEY_UILaunchStoryboardName = LaunchScreen;
				INFOPLIST_KEY_UIMainStoryboardFile = Main;
				INFOPLIST_KEY_UISupportedInterfaceOrientations = UIInterfaceOrientationPortrait;
				INFOPLIST_KEY_UISupportedInterfaceOrientations_iPad = "UIInterfaceOrientationPortrait UIInterfaceOrientationPortraitUpsideDown UIInterfaceOrientationLandscapeLeft UIInterfaceOrientationLandscapeRight";
				INFOPLIST_KEY_UISupportedInterfaceOrientations_iPhone = "UIInterfaceOrientationPortrait UIInterfaceOrientationLandscapeLeft UIInterfaceOrientationLandscapeRight";
				IPHONEOS_DEPLOYMENT_TARGET = 13.0;
				LD_RUNPATH_SEARCH_PATHS = (
					"$(inherited)",
					"@executable_path/Frameworks",
				);
				MARKETING_VERSION = 1.0;
				PRODUCT_BUNDLE_IDENTIFIER = com.alpaca.Xylophone;
				PRODUCT_NAME = "$(TARGET_NAME)";
				SWIFT_EMIT_LOC_STRINGS = YES;
				SWIFT_VERSION = 5.0;
				TARGETED_DEVICE_FAMILY = 1;
			};
			name = Release;
		};
/* End XCBuildConfiguration section */

/* Begin XCConfigurationList section */
		5030CC9527BD556700F6DAC9 /* Build configuration list for PBXProject "Xylophone" */ = {
			isa = XCConfigurationList;
			buildConfigurations = (
				5030CCAC27BD556900F6DAC9 /* Debug */,
				5030CCAD27BD556900F6DAC9 /* Release */,
			);
			defaultConfigurationIsVisible = 0;
			defaultConfigurationName = Release;
		};
		5030CCAE27BD556900F6DAC9 /* Build configuration list for PBXNativeTarget "Xylophone" */ = {
			isa = XCConfigurationList;
			buildConfigurations = (
				5030CCAF27BD556900F6DAC9 /* Debug */,
				5030CCB027BD556900F6DAC9 /* Release */,
			);
			defaultConfigurationIsVisible = 0;
			defaultConfigurationName = Release;
		};
/* End XCConfigurationList section */
	};
	rootObject = 5030CC9227BD556700F6DAC9 /* Project object */;
}
